
Microsoft Visual Studio Solution File, Format Version 12.00
# Visual Studio Version 17
VisualStudioVersion = 17.6.33815.320
MinimumVisualStudioVersion = 10.0.40219.1
Project("{FAE04EC0-301F-11D3-BF4B-00C04F79EFBC}") = "JoyGreen_PF", "JoyGreen_PF\JoyGreen_PF.csproj", "{ECB1CDB3-D88B-437D-8EA1-DECEF3FF7866}"
EndProject
Global
	GlobalSection(SolutionConfigurationPlatforms) = preSolution
		Debug|Any CPU = Debug|Any CPU
		Release|Any CPU = Release|Any CPU
	EndGlobalSection
	GlobalSection(ProjectConfigurationPlatforms) = postSolution
		{ECB1CDB3-D88B-437D-8EA1-DECEF3FF7866}.Debug|Any CPU.ActiveCfg = Debug|Any CPU
		{ECB1CDB3-D88B-437D-8EA1-DECEF3FF7866}.Debug|Any CPU.Build.0 = Debug|Any CPU
		{ECB1CDB3-D88B-437D-8EA1-DECEF3FF7866}.Release|Any CPU.ActiveCfg = Release|Any CPU
		{ECB1CDB3-D88B-437D-8EA1-DECEF3FF7866}.Release|Any CPU.Build.0 = Release|Any CPU
	EndGlobalSection
	GlobalSection(SolutionProperties) = preSolution
		HideSolutionNode = FALSE
	EndGlobalSection
	GlobalSection(ExtensibilityGlobals) = postSolution
		SolutionGuid = {968961E3-6F1D-490C-89FB-FE8B1A02DF8A}
	EndGlobalSection
EndGlobal
